// !$*UTF8*$!
{
	archiveVersion = 1;
	classes = {
	};
	objectVersion = 50;
	objects = {

/* Begin PBXBuildFile section */
		584EAAB22699E4670038D284 /* Home.swift in Sources */ = {isa = PBXBuildFile; fileRef = 584EAAB12699E4670038D284 /* Home.swift */; };
		58C2ECB8269B26FE0049AD45 /* SignUp.swift in Sources */ = {isa = PBXBuildFile; fileRef = 58C2ECB7269B26FE0049AD45 /* SignUp.swift */; };
		58C2ECBA269B2C120049AD45 /* Schedule.swift in Sources */ = {isa = PBXBuildFile; fileRef = 58C2ECB9269B2C120049AD45 /* Schedule.swift */; };
		58C2ECBC269B2CB20049AD45 /* SetupExam.swift in Sources */ = {isa = PBXBuildFile; fileRef = 58C2ECBB269B2CB20049AD45 /* SetupExam.swift */; };
		58C2ECBE269B2CEA0049AD45 /* Account.swift in Sources */ = {isa = PBXBuildFile; fileRef = 58C2ECBD269B2CEA0049AD45 /* Account.swift */; };
		58C2ECC0269B2D4A0049AD45 /* CorrectPaper.swift in Sources */ = {isa = PBXBuildFile; fileRef = 58C2ECBF269B2D4A0049AD45 /* CorrectPaper.swift */; };
		58C2ECC2269B2D8D0049AD45 /* CheckGrade.swift in Sources */ = {isa = PBXBuildFile; fileRef = 58C2ECC1269B2D8D0049AD45 /* CheckGrade.swift */; };
		58C2ECC4269FF8D30049AD45 /* BeginTest.swift in Sources */ = {isa = PBXBuildFile; fileRef = 58C2ECC3269FF8D30049AD45 /* BeginTest.swift */; };
		58C2ECC626A014EF0049AD45 /* Test.swift in Sources */ = {isa = PBXBuildFile; fileRef = 58C2ECC526A014EF0049AD45 /* Test.swift */; };
		5D916D3F26A2E7610019F4CA /* DatePicker.swift in Sources */ = {isa = PBXBuildFile; fileRef = 5D916D3E26A2E7610019F4CA /* DatePicker.swift */; };
		5D916D4026A2E7610019F4CA /* DatePicker.swift in Sources */ = {isa = PBXBuildFile; fileRef = 5D916D3E26A2E7610019F4CA /* DatePicker.swift */; };
		5D916D4126A2E7610019F4CA /* DatePicker.swift in Sources */ = {isa = PBXBuildFile; fileRef = 5D916D3E26A2E7610019F4CA /* DatePicker.swift */; };
		720BACD72698B11E0016391B /* EnterCode.swift in Sources */ = {isa = PBXBuildFile; fileRef = 720BACD62698B11E0016391B /* EnterCode.swift */; };
		720BACD92698B15D0016391B /* Login.swift in Sources */ = {isa = PBXBuildFile; fileRef = 720BACD82698B15D0016391B /* Login.swift */; };
		7221254226A028B2000A6495 /* Books.swift in Sources */ = {isa = PBXBuildFile; fileRef = 7221254126A028B2000A6495 /* Books.swift */; };
		7234711826945529007C8CCB /* Step2.swift in Sources */ = {isa = PBXBuildFile; fileRef = 7234711726945529007C8CCB /* Step2.swift */; };
		72449D292692F39200F07A74 /* Extension.swift in Sources */ = {isa = PBXBuildFile; fileRef = 72449D282692F39200F07A74 /* Extension.swift */; };
		72544BF12692E654004F4E45 /* StartView.swift in Sources */ = {isa = PBXBuildFile; fileRef = 72544BF02692E654004F4E45 /* StartView.swift */; };
		728E1EB0268F026500EC401C /* SeaTurtleSenseiApp.swift in Sources */ = {isa = PBXBuildFile; fileRef = 728E1EAF268F026500EC401C /* SeaTurtleSenseiApp.swift */; };
		728E1EB2268F026500EC401C /* ContentView.swift in Sources */ = {isa = PBXBuildFile; fileRef = 728E1EB1268F026500EC401C /* ContentView.swift */; };
		728E1EB4268F026600EC401C /* Assets.xcassets in Resources */ = {isa = PBXBuildFile; fileRef = 728E1EB3268F026600EC401C /* Assets.xcassets */; };
		728E1EB7268F026600EC401C /* Preview Assets.xcassets in Resources */ = {isa = PBXBuildFile; fileRef = 728E1EB6268F026600EC401C /* Preview Assets.xcassets */; };
		728E1EC2268F026600EC401C /* SeaTurtleSenseiTests.swift in Sources */ = {isa = PBXBuildFile; fileRef = 728E1EC1268F026600EC401C /* SeaTurtleSenseiTests.swift */; };
		728E1ECD268F026600EC401C /* SeaTurtleSenseiUITests.swift in Sources */ = {isa = PBXBuildFile; fileRef = 728E1ECC268F026600EC401C /* SeaTurtleSenseiUITests.swift */; };
/* End PBXBuildFile section */

/* Begin PBXContainerItemProxy section */
		728E1EBE268F026600EC401C /* PBXContainerItemProxy */ = {
			isa = PBXContainerItemProxy;
			containerPortal = 728E1EA4268F026500EC401C /* Project object */;
			proxyType = 1;
			remoteGlobalIDString = 728E1EAB268F026500EC401C;
			remoteInfo = SeaTurtleSensei;
		};
		728E1EC9268F026600EC401C /* PBXContainerItemProxy */ = {
			isa = PBXContainerItemProxy;
			containerPortal = 728E1EA4268F026500EC401C /* Project object */;
			proxyType = 1;
			remoteGlobalIDString = 728E1EAB268F026500EC401C;
			remoteInfo = SeaTurtleSensei;
		};
/* End PBXContainerItemProxy section */

/* Begin PBXFileReference section */
		584EAAB12699E4670038D284 /* Home.swift */ = {isa = PBXFileReference; lastKnownFileType = sourcecode.swift; path = Home.swift; sourceTree = "<group>"; };
		58C2ECB7269B26FE0049AD45 /* SignUp.swift */ = {isa = PBXFileReference; lastKnownFileType = sourcecode.swift; path = SignUp.swift; sourceTree = "<group>"; };
		58C2ECB9269B2C120049AD45 /* Schedule.swift */ = {isa = PBXFileReference; lastKnownFileType = sourcecode.swift; path = Schedule.swift; sourceTree = "<group>"; };
		58C2ECBB269B2CB20049AD45 /* SetupExam.swift */ = {isa = PBXFileReference; lastKnownFileType = sourcecode.swift; path = SetupExam.swift; sourceTree = "<group>"; };
		58C2ECBD269B2CEA0049AD45 /* Account.swift */ = {isa = PBXFileReference; lastKnownFileType = sourcecode.swift; path = Account.swift; sourceTree = "<group>"; };
		58C2ECBF269B2D4A0049AD45 /* CorrectPaper.swift */ = {isa = PBXFileReference; lastKnownFileType = sourcecode.swift; path = CorrectPaper.swift; sourceTree = "<group>"; };
		58C2ECC1269B2D8D0049AD45 /* CheckGrade.swift */ = {isa = PBXFileReference; lastKnownFileType = sourcecode.swift; path = CheckGrade.swift; sourceTree = "<group>"; };
		58C2ECC3269FF8D30049AD45 /* BeginTest.swift */ = {isa = PBXFileReference; lastKnownFileType = sourcecode.swift; path = BeginTest.swift; sourceTree = "<group>"; };
		58C2ECC526A014EF0049AD45 /* Test.swift */ = {isa = PBXFileReference; lastKnownFileType = sourcecode.swift; path = Test.swift; sourceTree = "<group>"; };
		5D916D3E26A2E7610019F4CA /* DatePicker.swift */ = {isa = PBXFileReference; lastKnownFileType = sourcecode.swift; path = DatePicker.swift; sourceTree = "<group>"; };
		720BACD62698B11E0016391B /* EnterCode.swift */ = {isa = PBXFileReference; lastKnownFileType = sourcecode.swift; path = EnterCode.swift; sourceTree = "<group>"; };
		720BACD82698B15D0016391B /* Login.swift */ = {isa = PBXFileReference; lastKnownFileType = sourcecode.swift; path = Login.swift; sourceTree = "<group>"; };
		7221254126A028B2000A6495 /* Books.swift */ = {isa = PBXFileReference; lastKnownFileType = sourcecode.swift; path = Books.swift; sourceTree = "<group>"; };
		7234711726945529007C8CCB /* Step2.swift */ = {isa = PBXFileReference; lastKnownFileType = sourcecode.swift; path = Step2.swift; sourceTree = "<group>"; };
		72449D282692F39200F07A74 /* Extension.swift */ = {isa = PBXFileReference; lastKnownFileType = sourcecode.swift; path = Extension.swift; sourceTree = "<group>"; };
		72544BF02692E654004F4E45 /* StartView.swift */ = {isa = PBXFileReference; lastKnownFileType = sourcecode.swift; path = StartView.swift; sourceTree = "<group>"; };
		728E1EAC268F026500EC401C /* SeaTurtleSensei.app */ = {isa = PBXFileReference; explicitFileType = wrapper.application; includeInIndex = 0; path = SeaTurtleSensei.app; sourceTree = BUILT_PRODUCTS_DIR; };
		728E1EAF268F026500EC401C /* SeaTurtleSenseiApp.swift */ = {isa = PBXFileReference; lastKnownFileType = sourcecode.swift; path = SeaTurtleSenseiApp.swift; sourceTree = "<group>"; };
		728E1EB1268F026500EC401C /* ContentView.swift */ = {isa = PBXFileReference; lastKnownFileType = sourcecode.swift; path = ContentView.swift; sourceTree = "<group>"; };
		728E1EB3268F026600EC401C /* Assets.xcassets */ = {isa = PBXFileReference; lastKnownFileType = folder.assetcatalog; path = Assets.xcassets; sourceTree = "<group>"; };
		728E1EB6268F026600EC401C /* Preview Assets.xcassets */ = {isa = PBXFileReference; lastKnownFileType = folder.assetcatalog; path = "Preview Assets.xcassets"; sourceTree = "<group>"; };
		728E1EB8268F026600EC401C /* Info.plist */ = {isa = PBXFileReference; lastKnownFileType = text.plist.xml; path = Info.plist; sourceTree = "<group>"; };
		728E1EBD268F026600EC401C /* SeaTurtleSenseiTests.xctest */ = {isa = PBXFileReference; explicitFileType = wrapper.cfbundle; includeInIndex = 0; path = SeaTurtleSenseiTests.xctest; sourceTree = BUILT_PRODUCTS_DIR; };
		728E1EC1268F026600EC401C /* SeaTurtleSenseiTests.swift */ = {isa = PBXFileReference; lastKnownFileType = sourcecode.swift; path = SeaTurtleSenseiTests.swift; sourceTree = "<group>"; };
		728E1EC3268F026600EC401C /* Info.plist */ = {isa = PBXFileReference; lastKnownFileType = text.plist.xml; path = Info.plist; sourceTree = "<group>"; };
		728E1EC8268F026600EC401C /* SeaTurtleSenseiUITests.xctest */ = {isa = PBXFileReference; explicitFileType = wrapper.cfbundle; includeInIndex = 0; path = SeaTurtleSenseiUITests.xctest; sourceTree = BUILT_PRODUCTS_DIR; };
		728E1ECC268F026600EC401C /* SeaTurtleSenseiUITests.swift */ = {isa = PBXFileReference; lastKnownFileType = sourcecode.swift; path = SeaTurtleSenseiUITests.swift; sourceTree = "<group>"; };
		728E1ECE268F026600EC401C /* Info.plist */ = {isa = PBXFileReference; lastKnownFileType = text.plist.xml; path = Info.plist; sourceTree = "<group>"; };
/* End PBXFileReference section */

/* Begin PBXFrameworksBuildPhase section */
		728E1EA9268F026500EC401C /* Frameworks */ = {
			isa = PBXFrameworksBuildPhase;
			buildActionMask = 2147483647;
			files = (
			);
			runOnlyForDeploymentPostprocessing = 0;
		};
		728E1EBA268F026600EC401C /* Frameworks */ = {
			isa = PBXFrameworksBuildPhase;
			buildActionMask = 2147483647;
			files = (
			);
			runOnlyForDeploymentPostprocessing = 0;
		};
		728E1EC5268F026600EC401C /* Frameworks */ = {
			isa = PBXFrameworksBuildPhase;
			buildActionMask = 2147483647;
			files = (
			);
			runOnlyForDeploymentPostprocessing = 0;
		};
/* End PBXFrameworksBuildPhase section */

/* Begin PBXGroup section */
		728E1EA3268F026500EC401C = {
			isa = PBXGroup;
			children = (
				728E1EAE268F026500EC401C /* SeaTurtleSensei */,
				728E1EC0268F026600EC401C /* SeaTurtleSenseiTests */,
				728E1ECB268F026600EC401C /* SeaTurtleSenseiUITests */,
				728E1EAD268F026500EC401C /* Products */,
			);
			sourceTree = "<group>";
		};
		728E1EAD268F026500EC401C /* Products */ = {
			isa = PBXGroup;
			children = (
				728E1EAC268F026500EC401C /* SeaTurtleSensei.app */,
				728E1EBD268F026600EC401C /* SeaTurtleSenseiTests.xctest */,
				728E1EC8268F026600EC401C /* SeaTurtleSenseiUITests.xctest */,
			);
			name = Products;
			sourceTree = "<group>";
		};
		728E1EAE268F026500EC401C /* SeaTurtleSensei */ = {
			isa = PBXGroup;
			children = (
				728E1EAF268F026500EC401C /* SeaTurtleSenseiApp.swift */,
				728E1EB1268F026500EC401C /* ContentView.swift */,
				72544BF02692E654004F4E45 /* StartView.swift */,
				7234711726945529007C8CCB /* Step2.swift */,
				720BACD82698B15D0016391B /* Login.swift */,
				58C2ECB7269B26FE0049AD45 /* SignUp.swift */,
				584EAAB12699E4670038D284 /* Home.swift */,
				720BACD62698B11E0016391B /* EnterCode.swift */,
				58C2ECBB269B2CB20049AD45 /* SetupExam.swift */,
				58C2ECB9269B2C120049AD45 /* Schedule.swift */,
				58C2ECBD269B2CEA0049AD45 /* Account.swift */,
				58C2ECBF269B2D4A0049AD45 /* CorrectPaper.swift */,
				58C2ECC1269B2D8D0049AD45 /* CheckGrade.swift */,
				58C2ECC3269FF8D30049AD45 /* BeginTest.swift */,
				58C2ECC526A014EF0049AD45 /* Test.swift */,
				72449D282692F39200F07A74 /* Extension.swift */,
				728E1EB3268F026600EC401C /* Assets.xcassets */,
				728E1EB8268F026600EC401C /* Info.plist */,
				728E1EB5268F026600EC401C /* Preview Content */,
				7221254126A028B2000A6495 /* Books.swift */,
				5D916D3E26A2E7610019F4CA /* DatePicker.swift */,
			);
			path = SeaTurtleSensei;
			sourceTree = "<group>";
		};
		728E1EB5268F026600EC401C /* Preview Content */ = {
			isa = PBXGroup;
			children = (
				728E1EB6268F026600EC401C /* Preview Assets.xcassets */,
			);
			path = "Preview Content";
			sourceTree = "<group>";
		};
		728E1EC0268F026600EC401C /* SeaTurtleSenseiTests */ = {
			isa = PBXGroup;
			children = (
				728E1EC1268F026600EC401C /* SeaTurtleSenseiTests.swift */,
				728E1EC3268F026600EC401C /* Info.plist */,
			);
			path = SeaTurtleSenseiTests;
			sourceTree = "<group>";
		};
		728E1ECB268F026600EC401C /* SeaTurtleSenseiUITests */ = {
			isa = PBXGroup;
			children = (
				728E1ECC268F026600EC401C /* SeaTurtleSenseiUITests.swift */,
				728E1ECE268F026600EC401C /* Info.plist */,
			);
			path = SeaTurtleSenseiUITests;
			sourceTree = "<group>";
		};
/* End PBXGroup section */

/* Begin PBXNativeTarget section */
		728E1EAB268F026500EC401C /* SeaTurtleSensei */ = {
			isa = PBXNativeTarget;
			buildConfigurationList = 728E1ED1268F026600EC401C /* Build configuration list for PBXNativeTarget "SeaTurtleSensei" */;
			buildPhases = (
				728E1EA8268F026500EC401C /* Sources */,
				728E1EA9268F026500EC401C /* Frameworks */,
				728E1EAA268F026500EC401C /* Resources */,
			);
			buildRules = (
			);
			dependencies = (
			);
			name = SeaTurtleSensei;
			productName = SeaTurtleSensei;
			productReference = 728E1EAC268F026500EC401C /* SeaTurtleSensei.app */;
			productType = "com.apple.product-type.application";
		};
		728E1EBC268F026600EC401C /* SeaTurtleSenseiTests */ = {
			isa = PBXNativeTarget;
			buildConfigurationList = 728E1ED4268F026600EC401C /* Build configuration list for PBXNativeTarget "SeaTurtleSenseiTests" */;
			buildPhases = (
				728E1EB9268F026600EC401C /* Sources */,
				728E1EBA268F026600EC401C /* Frameworks */,
				728E1EBB268F026600EC401C /* Resources */,
			);
			buildRules = (
			);
			dependencies = (
				728E1EBF268F026600EC401C /* PBXTargetDependency */,
			);
			name = SeaTurtleSenseiTests;
			productName = SeaTurtleSenseiTests;
			productReference = 728E1EBD268F026600EC401C /* SeaTurtleSenseiTests.xctest */;
			productType = "com.apple.product-type.bundle.unit-test";
		};
		728E1EC7268F026600EC401C /* SeaTurtleSenseiUITests */ = {
			isa = PBXNativeTarget;
			buildConfigurationList = 728E1ED7268F026600EC401C /* Build configuration list for PBXNativeTarget "SeaTurtleSenseiUITests" */;
			buildPhases = (
				728E1EC4268F026600EC401C /* Sources */,
				728E1EC5268F026600EC401C /* Frameworks */,
				728E1EC6268F026600EC401C /* Resources */,
			);
			buildRules = (
			);
			dependencies = (
				728E1ECA268F026600EC401C /* PBXTargetDependency */,
			);
			name = SeaTurtleSenseiUITests;
			productName = SeaTurtleSenseiUITests;
			productReference = 728E1EC8268F026600EC401C /* SeaTurtleSenseiUITests.xctest */;
			productType = "com.apple.product-type.bundle.ui-testing";
		};
/* End PBXNativeTarget section */

/* Begin PBXProject section */
		728E1EA4268F026500EC401C /* Project object */ = {
			isa = PBXProject;
			attributes = {
				LastSwiftUpdateCheck = 1250;
				LastUpgradeCheck = 1250;
				TargetAttributes = {
					728E1EAB268F026500EC401C = {
						CreatedOnToolsVersion = 12.5.1;
					};
					728E1EBC268F026600EC401C = {
						CreatedOnToolsVersion = 12.5.1;
						TestTargetID = 728E1EAB268F026500EC401C;
					};
					728E1EC7268F026600EC401C = {
						CreatedOnToolsVersion = 12.5.1;
						TestTargetID = 728E1EAB268F026500EC401C;
					};
				};
			};
			buildConfigurationList = 728E1EA7268F026500EC401C /* Build configuration list for PBXProject "SeaTurtleSensei" */;
			compatibilityVersion = "Xcode 9.3";
			developmentRegion = en;
			hasScannedForEncodings = 0;
			knownRegions = (
				en,
				Base,
			);
			mainGroup = 728E1EA3268F026500EC401C;
			productRefGroup = 728E1EAD268F026500EC401C /* Products */;
			projectDirPath = "";
			projectRoot = "";
			targets = (
				728E1EAB268F026500EC401C /* SeaTurtleSensei */,
				728E1EBC268F026600EC401C /* SeaTurtleSenseiTests */,
				728E1EC7268F026600EC401C /* SeaTurtleSenseiUITests */,
			);
		};
/* End PBXProject section */

/* Begin PBXResourcesBuildPhase section */
		728E1EAA268F026500EC401C /* Resources */ = {
			isa = PBXResourcesBuildPhase;
			buildActionMask = 2147483647;
			files = (
				728E1EB7268F026600EC401C /* Preview Assets.xcassets in Resources */,
				728E1EB4268F026600EC401C /* Assets.xcassets in Resources */,
			);
			runOnlyForDeploymentPostprocessing = 0;
		};
		728E1EBB268F026600EC401C /* Resources */ = {
			isa = PBXResourcesBuildPhase;
			buildActionMask = 2147483647;
			files = (
			);
			runOnlyForDeploymentPostprocessing = 0;
		};
		728E1EC6268F026600EC401C /* Resources */ = {
			isa = PBXResourcesBuildPhase;
			buildActionMask = 2147483647;
			files = (
			);
			runOnlyForDeploymentPostprocessing = 0;
		};
/* End PBXResourcesBuildPhase section */

/* Begin PBXSourcesBuildPhase section */
		728E1EA8268F026500EC401C /* Sources */ = {
			isa = PBXSourcesBuildPhase;
			buildActionMask = 2147483647;
			files = (
				720BACD92698B15D0016391B /* Login.swift in Sources */,
				728E1EB2268F026500EC401C /* ContentView.swift in Sources */,
				728E1EB0268F026500EC401C /* SeaTurtleSenseiApp.swift in Sources */,
				72544BF12692E654004F4E45 /* StartView.swift in Sources */,
				720BACD72698B11E0016391B /* EnterCode.swift in Sources */,
				58C2ECC626A014EF0049AD45 /* Test.swift in Sources */,
				58C2ECBE269B2CEA0049AD45 /* Account.swift in Sources */,
				58C2ECBC269B2CB20049AD45 /* SetupExam.swift in Sources */,
				7234711826945529007C8CCB /* Step2.swift in Sources */,
				584EAAB22699E4670038D284 /* Home.swift in Sources */,
				58C2ECB8269B26FE0049AD45 /* SignUp.swift in Sources */,
				7221254226A028B2000A6495 /* Books.swift in Sources */,
				58C2ECBA269B2C120049AD45 /* Schedule.swift in Sources */,
				58C2ECC0269B2D4A0049AD45 /* CorrectPaper.swift in Sources */,
				58C2ECC2269B2D8D0049AD45 /* CheckGrade.swift in Sources */,
				58C2ECC4269FF8D30049AD45 /* BeginTest.swift in Sources */,
				72449D292692F39200F07A74 /* Extension.swift in Sources */,
				5D916D3F26A2E7610019F4CA /* DatePicker.swift in Sources */,
			);
			runOnlyForDeploymentPostprocessing = 0;
		};
		728E1EB9268F026600EC401C /* Sources */ = {
			isa = PBXSourcesBuildPhase;
			buildActionMask = 2147483647;
			files = (
				728E1EC2268F026600EC401C /* SeaTurtleSenseiTests.swift in Sources */,
				5D916D4026A2E7610019F4CA /* DatePicker.swift in Sources */,
			);
			runOnlyForDeploymentPostprocessing = 0;
		};
		728E1EC4268F026600EC401C /* Sources */ = {
			isa = PBXSourcesBuildPhase;
			buildActionMask = 2147483647;
			files = (
				728E1ECD268F026600EC401C /* SeaTurtleSenseiUITests.swift in Sources */,
				5D916D4126A2E7610019F4CA /* DatePicker.swift in Sources */,
			);
			runOnlyForDeploymentPostprocessing = 0;
		};
/* End PBXSourcesBuildPhase section */

/* Begin PBXTargetDependency section */
		728E1EBF268F026600EC401C /* PBXTargetDependency */ = {
			isa = PBXTargetDependency;
			target = 728E1EAB268F026500EC401C /* SeaTurtleSensei */;
			targetProxy = 728E1EBE268F026600EC401C /* PBXContainerItemProxy */;
		};
		728E1ECA268F026600EC401C /* PBXTargetDependency */ = {
			isa = PBXTargetDependency;
			target = 728E1EAB268F026500EC401C /* SeaTurtleSensei */;
			targetProxy = 728E1EC9268F026600EC401C /* PBXContainerItemProxy */;
		};
/* End PBXTargetDependency section */

/* Begin XCBuildConfiguration section */
		728E1ECF268F026600EC401C /* Debug */ = {
			isa = XCBuildConfiguration;
			buildSettings = {
				ALWAYS_SEARCH_USER_PATHS = NO;
				CLANG_ANALYZER_NONNULL = YES;
				CLANG_ANALYZER_NUMBER_OBJECT_CONVERSION = YES_AGGRESSIVE;
				CLANG_CXX_LANGUAGE_STANDARD = "gnu++14";
				CLANG_CXX_LIBRARY = "libc++";
				CLANG_ENABLE_MODULES = YES;
				CLANG_ENABLE_OBJC_ARC = YES;
				CLANG_ENABLE_OBJC_WEAK = YES;
				CLANG_WARN_BLOCK_CAPTURE_AUTORELEASING = YES;
				CLANG_WARN_BOOL_CONVERSION = YES;
				CLANG_WARN_COMMA = YES;
				CLANG_WARN_CONSTANT_CONVERSION = YES;
				CLANG_WARN_DEPRECATED_OBJC_IMPLEMENTATIONS = YES;
				CLANG_WARN_DIRECT_OBJC_ISA_USAGE = YES_ERROR;
				CLANG_WARN_DOCUMENTATION_COMMENTS = YES;
				CLANG_WARN_EMPTY_BODY = YES;
				CLANG_WARN_ENUM_CONVERSION = YES;
				CLANG_WARN_INFINITE_RECURSION = YES;
				CLANG_WARN_INT_CONVERSION = YES;
				CLANG_WARN_NON_LITERAL_NULL_CONVERSION = YES;
				CLANG_WARN_OBJC_IMPLICIT_RETAIN_SELF = YES;
				CLANG_WARN_OBJC_LITERAL_CONVERSION = YES;
				CLANG_WARN_OBJC_ROOT_CLASS = YES_ERROR;
				CLANG_WARN_QUOTED_INCLUDE_IN_FRAMEWORK_HEADER = YES;
				CLANG_WARN_RANGE_LOOP_ANALYSIS = YES;
				CLANG_WARN_STRICT_PROTOTYPES = YES;
				CLANG_WARN_SUSPICIOUS_MOVE = YES;
				CLANG_WARN_UNGUARDED_AVAILABILITY = YES_AGGRESSIVE;
				CLANG_WARN_UNREACHABLE_CODE = YES;
				CLANG_WARN__DUPLICATE_METHOD_MATCH = YES;
				COPY_PHASE_STRIP = NO;
				DEBUG_INFORMATION_FORMAT = dwarf;
				ENABLE_STRICT_OBJC_MSGSEND = YES;
				ENABLE_TESTABILITY = YES;
				GCC_C_LANGUAGE_STANDARD = gnu11;
				GCC_DYNAMIC_NO_PIC = NO;
				GCC_NO_COMMON_BLOCKS = YES;
				GCC_OPTIMIZATION_LEVEL = 0;
				GCC_PREPROCESSOR_DEFINITIONS = (
					"DEBUG=1",
					"$(inherited)",
				);
				GCC_WARN_64_TO_32_BIT_CONVERSION = YES;
				GCC_WARN_ABOUT_RETURN_TYPE = YES_ERROR;
				GCC_WARN_UNDECLARED_SELECTOR = YES;
				GCC_WARN_UNINITIALIZED_AUTOS = YES_AGGRESSIVE;
				GCC_WARN_UNUSED_FUNCTION = YES;
				GCC_WARN_UNUSED_VARIABLE = YES;
				IPHONEOS_DEPLOYMENT_TARGET = 14.5;
				MTL_ENABLE_DEBUG_INFO = INCLUDE_SOURCE;
				MTL_FAST_MATH = YES;
				ONLY_ACTIVE_ARCH = YES;
				SDKROOT = iphoneos;
				SWIFT_ACTIVE_COMPILATION_CONDITIONS = DEBUG;
				SWIFT_OPTIMIZATION_LEVEL = "-Onone";
			};
			name = Debug;
		};
		728E1ED0268F026600EC401C /* Release */ = {
			isa = XCBuildConfiguration;
			buildSettings = {
				ALWAYS_SEARCH_USER_PATHS = NO;
				CLANG_ANALYZER_NONNULL = YES;
				CLANG_ANALYZER_NUMBER_OBJECT_CONVERSION = YES_AGGRESSIVE;
				CLANG_CXX_LANGUAGE_STANDARD = "gnu++14";
				CLANG_CXX_LIBRARY = "libc++";
				CLANG_ENABLE_MODULES = YES;
				CLANG_ENABLE_OBJC_ARC = YES;
				CLANG_ENABLE_OBJC_WEAK = YES;
				CLANG_WARN_BLOCK_CAPTURE_AUTORELEASING = YES;
				CLANG_WARN_BOOL_CONVERSION = YES;
				CLANG_WARN_COMMA = YES;
				CLANG_WARN_CONSTANT_CONVERSION = YES;
				CLANG_WARN_DEPRECATED_OBJC_IMPLEMENTATIONS = YES;
				CLANG_WARN_DIRECT_OBJC_ISA_USAGE = YES_ERROR;
				CLANG_WARN_DOCUMENTATION_COMMENTS = YES;
				CLANG_WARN_EMPTY_BODY = YES;
				CLANG_WARN_ENUM_CONVERSION = YES;
				CLANG_WARN_INFINITE_RECURSION = YES;
				CLANG_WARN_INT_CONVERSION = YES;
				CLANG_WARN_NON_LITERAL_NULL_CONVERSION = YES;
				CLANG_WARN_OBJC_IMPLICIT_RETAIN_SELF = YES;
				CLANG_WARN_OBJC_LITERAL_CONVERSION = YES;
				CLANG_WARN_OBJC_ROOT_CLASS = YES_ERROR;
				CLANG_WARN_QUOTED_INCLUDE_IN_FRAMEWORK_HEADER = YES;
				CLANG_WARN_RANGE_LOOP_ANALYSIS = YES;
				CLANG_WARN_STRICT_PROTOTYPES = YES;
				CLANG_WARN_SUSPICIOUS_MOVE = YES;
				CLANG_WARN_UNGUARDED_AVAILABILITY = YES_AGGRESSIVE;
				CLANG_WARN_UNREACHABLE_CODE = YES;
				CLANG_WARN__DUPLICATE_METHOD_MATCH = YES;
				COPY_PHASE_STRIP = NO;
				DEBUG_INFORMATION_FORMAT = "dwarf-with-dsym";
				ENABLE_NS_ASSERTIONS = NO;
				ENABLE_STRICT_OBJC_MSGSEND = YES;
				GCC_C_LANGUAGE_STANDARD = gnu11;
				GCC_NO_COMMON_BLOCKS = YES;
				GCC_WARN_64_TO_32_BIT_CONVERSION = YES;
				GCC_WARN_ABOUT_RETURN_TYPE = YES_ERROR;
				GCC_WARN_UNDECLARED_SELECTOR = YES;
				GCC_WARN_UNINITIALIZED_AUTOS = YES_AGGRESSIVE;
				GCC_WARN_UNUSED_FUNCTION = YES;
				GCC_WARN_UNUSED_VARIABLE = YES;
				IPHONEOS_DEPLOYMENT_TARGET = 14.5;
				MTL_ENABLE_DEBUG_INFO = NO;
				MTL_FAST_MATH = YES;
				SDKROOT = iphoneos;
				SWIFT_COMPILATION_MODE = wholemodule;
				SWIFT_OPTIMIZATION_LEVEL = "-O";
				VALIDATE_PRODUCT = YES;
			};
			name = Release;
		};
		728E1ED2268F026600EC401C /* Debug */ = {
			isa = XCBuildConfiguration;
			buildSettings = {
				ASSETCATALOG_COMPILER_APPICON_NAME = AppIcon;
				ASSETCATALOG_COMPILER_GLOBAL_ACCENT_COLOR_NAME = AccentColor;
				CODE_SIGN_STYLE = Automatic;
				DEVELOPMENT_ASSET_PATHS = "\"SeaTurtleSensei/Preview Content\"";
				ENABLE_PREVIEWS = YES;
				INFOPLIST_FILE = SeaTurtleSensei/Info.plist;
				IPHONEOS_DEPLOYMENT_TARGET = 14.0;
				LD_RUNPATH_SEARCH_PATHS = (
					"$(inherited)",
					"@executable_path/Frameworks",
				);
				PRODUCT_BUNDLE_IDENTIFIER = app.SeaTurtleSensei;
				PRODUCT_NAME = "$(TARGET_NAME)";
				SWIFT_VERSION = 5.0;
				TARGETED_DEVICE_FAMILY = "1,2";
			};
			name = Debug;
		};
		728E1ED3268F026600EC401C /* Release */ = {
			isa = XCBuildConfiguration;
			buildSettings = {
				ASSETCATALOG_COMPILER_APPICON_NAME = AppIcon;
				ASSETCATALOG_COMPILER_GLOBAL_ACCENT_COLOR_NAME = AccentColor;
				CODE_SIGN_STYLE = Automatic;
				DEVELOPMENT_ASSET_PATHS = "\"SeaTurtleSensei/Preview Content\"";
				ENABLE_PREVIEWS = YES;
				INFOPLIST_FILE = SeaTurtleSensei/Info.plist;
				IPHONEOS_DEPLOYMENT_TARGET = 14.0;
				LD_RUNPATH_SEARCH_PATHS = (
					"$(inherited)",
					"@executable_path/Frameworks",
				);
				PRODUCT_BUNDLE_IDENTIFIER = app.SeaTurtleSensei;
				PRODUCT_NAME = "$(TARGET_NAME)";
				SWIFT_VERSION = 5.0;
				TARGETED_DEVICE_FAMILY = "1,2";
			};
			name = Release;
		};
		728E1ED5268F026600EC401C /* Debug */ = {
			isa = XCBuildConfiguration;
			buildSettings = {
				ALWAYS_EMBED_SWIFT_STANDARD_LIBRARIES = YES;
				BUNDLE_LOADER = "$(TEST_HOST)";
				CODE_SIGN_STYLE = Automatic;
				INFOPLIST_FILE = SeaTurtleSenseiTests/Info.plist;
				IPHONEOS_DEPLOYMENT_TARGET = 14.0;
				LD_RUNPATH_SEARCH_PATHS = (
					"$(inherited)",
					"@executable_path/Frameworks",
					"@loader_path/Frameworks",
				);
				PRODUCT_BUNDLE_IDENTIFIER = app.SeaTurtleSenseiTests;
				PRODUCT_NAME = "$(TARGET_NAME)";
				SWIFT_VERSION = 5.0;
				TARGETED_DEVICE_FAMILY = "1,2";
				TEST_HOST = "$(BUILT_PRODUCTS_DIR)/SeaTurtleSensei.app/SeaTurtleSensei";
			};
			name = Debug;
		};
		728E1ED6268F026600EC401C /* Release */ = {
			isa = XCBuildConfiguration;
			buildSettings = {
				ALWAYS_EMBED_SWIFT_STANDARD_LIBRARIES = YES;
				BUNDLE_LOADER = "$(TEST_HOST)";
				CODE_SIGN_STYLE = Automatic;
				INFOPLIST_FILE = SeaTurtleSenseiTests/Info.plist;
				IPHONEOS_DEPLOYMENT_TARGET = 14.0;
				LD_RUNPATH_SEARCH_PATHS = (
					"$(inherited)",
					"@executable_path/Frameworks",
					"@loader_path/Frameworks",
				);
				PRODUCT_BUNDLE_IDENTIFIER = app.SeaTurtleSenseiTests;
				PRODUCT_NAME = "$(TARGET_NAME)";
				SWIFT_VERSION = 5.0;
				TARGETED_DEVICE_FAMILY = "1,2";
				TEST_HOST = "$(BUILT_PRODUCTS_DIR)/SeaTurtleSensei.app/SeaTurtleSensei";
			};
			name = Release;
		};
		728E1ED8268F026600EC401C /* Debug */ = {
			isa = XCBuildConfiguration;
			buildSettings = {
				ALWAYS_EMBED_SWIFT_STANDARD_LIBRARIES = YES;
				CODE_SIGN_STYLE = Automatic;
				INFOPLIST_FILE = SeaTurtleSenseiUITests/Info.plist;
				LD_RUNPATH_SEARCH_PATHS = (
					"$(inherited)",
					"@executable_path/Frameworks",
					"@loader_path/Frameworks",
				);
				PRODUCT_BUNDLE_IDENTIFIER = app.SeaTurtleSenseiUITests;
				PRODUCT_NAME = "$(TARGET_NAME)";
				SWIFT_VERSION = 5.0;
				TARGETED_DEVICE_FAMILY = "1,2";
				TEST_TARGET_NAME = SeaTurtleSensei;
			};
			name = Debug;
		};
		728E1ED9268F026600EC401C /* Release */ = {
			isa = XCBuildConfiguration;
			buildSettings = {
				ALWAYS_EMBED_SWIFT_STANDARD_LIBRARIES = YES;
				CODE_SIGN_STYLE = Automatic;
				INFOPLIST_FILE = SeaTurtleSenseiUITests/Info.plist;
				LD_RUNPATH_SEARCH_PATHS = (
					"$(inherited)",
					"@executable_path/Frameworks",
					"@loader_path/Frameworks",
				);
				PRODUCT_BUNDLE_IDENTIFIER = app.SeaTurtleSenseiUITests;
				PRODUCT_NAME = "$(TARGET_NAME)";
				SWIFT_VERSION = 5.0;
				TARGETED_DEVICE_FAMILY = "1,2";
				TEST_TARGET_NAME = SeaTurtleSensei;
			};
			name = Release;
		};
/* End XCBuildConfiguration section */

/* Begin XCConfigurationList section */
		728E1EA7268F026500EC401C /* Build configuration list for PBXProject "SeaTurtleSensei" */ = {
			isa = XCConfigurationList;
			buildConfigurations = (
				728E1ECF268F026600EC401C /* Debug */,
				728E1ED0268F026600EC401C /* Release */,
			);
			defaultConfigurationIsVisible = 0;
			defaultConfigurationName = Release;
		};
		728E1ED1268F026600EC401C /* Build configuration list for PBXNativeTarget "SeaTurtleSensei" */ = {
			isa = XCConfigurationList;
			buildConfigurations = (
				728E1ED2268F026600EC401C /* Debug */,
				728E1ED3268F026600EC401C /* Release */,
			);
			defaultConfigurationIsVisible = 0;
			defaultConfigurationName = Release;
		};
		728E1ED4268F026600EC401C /* Build configuration list for PBXNativeTarget "SeaTurtleSenseiTests" */ = {
			isa = XCConfigurationList;
			buildConfigurations = (
				728E1ED5268F026600EC401C /* Debug */,
				728E1ED6268F026600EC401C /* Release */,
			);
			defaultConfigurationIsVisible = 0;
			defaultConfigurationName = Release;
		};
		728E1ED7268F026600EC401C /* Build configuration list for PBXNativeTarget "SeaTurtleSenseiUITests" */ = {
			isa = XCConfigurationList;
			buildConfigurations = (
				728E1ED8268F026600EC401C /* Debug */,
				728E1ED9268F026600EC401C /* Release */,
			);
			defaultConfigurationIsVisible = 0;
			defaultConfigurationName = Release;
		};
/* End XCConfigurationList section */
	};
	rootObject = 728E1EA4268F026500EC401C /* Project object */;
}
